
Microsoft Visual Studio Solution File, Format Version 12.00
# Visual Studio Version 16
VisualStudioVersion = 16.0.29123.88
MinimumVisualStudioVersion = 10.0.40219.1
Project("{FAE04EC0-301F-11D3-BF4B-00C04F79EFBC}") = "OpenSpaceToolbox", "OpenSpaceToolbox\OpenSpaceToolbox.csproj", "{BCBA08D4-60A2-457E-AD48-EBC82C0973D3}"
EndProject
Project("{FAE04EC0-301F-11D3-BF4B-00C04F79EFBC}") = "OpenSpaceCore", "OpenSpaceCore\OpenSpaceCore.csproj", "{4F0EC808-87A7-4BFC-AC03-2090C7EEC0FD}"
EndProject
Project("{2150E333-8FDC-42A3-9474-1A3956D46DE8}") = "Games", "Games", "{9F22D52F-6D66-4EA0-95F5-DB9C558579DC}"
EndProject
Project("{FAE04EC0-301F-11D3-BF4B-00C04F79EFBC}") = "Rayman2", "Games\Rayman2\Rayman2.csproj", "{6ED1EDE8-1972-40E9-8171-45E434C1C273}"
EndProject
Project("{FAE04EC0-301F-11D3-BF4B-00C04F79EFBC}") = "Donald", "Games\Donald\Donald.csproj", "{0B7AA0DA-991C-4FE3-AD13-9201E760AD9A}"
EndProject
Global
	GlobalSection(SolutionConfigurationPlatforms) = preSolution
		Debug|Any CPU = Debug|Any CPU
		Release|Any CPU = Release|Any CPU
		ReleaseFull|Any CPU = ReleaseFull|Any CPU
	EndGlobalSection
	GlobalSection(ProjectConfigurationPlatforms) = postSolution
		{BCBA08D4-60A2-457E-AD48-EBC82C0973D3}.Debug|Any CPU.ActiveCfg = Debug|Any CPU
		{BCBA08D4-60A2-457E-AD48-EBC82C0973D3}.Debug|Any CPU.Build.0 = Debug|Any CPU
		{BCBA08D4-60A2-457E-AD48-EBC82C0973D3}.Release|Any CPU.ActiveCfg = Release|Any CPU
		{BCBA08D4-60A2-457E-AD48-EBC82C0973D3}.Release|Any CPU.Build.0 = Release|Any CPU
		{BCBA08D4-60A2-457E-AD48-EBC82C0973D3}.ReleaseFull|Any CPU.ActiveCfg = ReleaseFull|Any CPU
		{BCBA08D4-60A2-457E-AD48-EBC82C0973D3}.ReleaseFull|Any CPU.Build.0 = ReleaseFull|Any CPU
		{4F0EC808-87A7-4BFC-AC03-2090C7EEC0FD}.Debug|Any CPU.ActiveCfg = Debug|Any CPU
		{4F0EC808-87A7-4BFC-AC03-2090C7EEC0FD}.Debug|Any CPU.Build.0 = Debug|Any CPU
		{4F0EC808-87A7-4BFC-AC03-2090C7EEC0FD}.Release|Any CPU.ActiveCfg = Release|Any CPU
		{4F0EC808-87A7-4BFC-AC03-2090C7EEC0FD}.Release|Any CPU.Build.0 = Release|Any CPU
		{4F0EC808-87A7-4BFC-AC03-2090C7EEC0FD}.ReleaseFull|Any CPU.ActiveCfg = ReleaseFull|Any CPU
		{4F0EC808-87A7-4BFC-AC03-2090C7EEC0FD}.ReleaseFull|Any CPU.Build.0 = ReleaseFull|Any CPU
		{6ED1EDE8-1972-40E9-8171-45E434C1C273}.Debug|Any CPU.ActiveCfg = Debug|Any CPU
		{6ED1EDE8-1972-40E9-8171-45E434C1C273}.Debug|Any CPU.Build.0 = Debug|Any CPU
		{6ED1EDE8-1972-40E9-8171-45E434C1C273}.Release|Any CPU.ActiveCfg = Release|Any CPU
		{6ED1EDE8-1972-40E9-8171-45E434C1C273}.Release|Any CPU.Build.0 = Release|Any CPU
		{6ED1EDE8-1972-40E9-8171-45E434C1C273}.ReleaseFull|Any CPU.ActiveCfg = ReleaseFull|Any CPU
		{6ED1EDE8-1972-40E9-8171-45E434C1C273}.ReleaseFull|Any CPU.Build.0 = ReleaseFull|Any CPU
		{0B7AA0DA-991C-4FE3-AD13-9201E760AD9A}.Debug|Any CPU.ActiveCfg = Debug|Any CPU
		{0B7AA0DA-991C-4FE3-AD13-9201E760AD9A}.Debug|Any CPU.Build.0 = Debug|Any CPU
		{0B7AA0DA-991C-4FE3-AD13-9201E760AD9A}.Release|Any CPU.ActiveCfg = Release|Any CPU
		{0B7AA0DA-991C-4FE3-AD13-9201E760AD9A}.Release|Any CPU.Build.0 = Release|Any CPU
		{0B7AA0DA-991C-4FE3-AD13-9201E760AD9A}.ReleaseFull|Any CPU.ActiveCfg = ReleaseFull|Any CPU
		{0B7AA0DA-991C-4FE3-AD13-9201E760AD9A}.ReleaseFull|Any CPU.Build.0 = ReleaseFull|Any CPU
	EndGlobalSection
	GlobalSection(SolutionProperties) = preSolution
		HideSolutionNode = FALSE
	EndGlobalSection
	GlobalSection(NestedProjects) = preSolution
		{6ED1EDE8-1972-40E9-8171-45E434C1C273} = {9F22D52F-6D66-4EA0-95F5-DB9C558579DC}
		{0B7AA0DA-991C-4FE3-AD13-9201E760AD9A} = {9F22D52F-6D66-4EA0-95F5-DB9C558579DC}
	EndGlobalSection
	GlobalSection(ExtensibilityGlobals) = postSolution
		SolutionGuid = {20EEF419-052A-42FD-BA98-9CBA248DEE11}
	EndGlobalSection
EndGlobal
